{
    "_meta": {
        "hash": {
            "sha256": "3d9930679ba41e642d5f6b82fcf9483f03d2b13cb2955a8e46c6103095fd2ec5"
        },
        "pipfile-spec": 6,
        "requires": {
            "python_version": ">= 3.7"
        },
        "sources": [
            {
                "name": "pypi",
                "url": "https://pypi.org/simple",
                "verify_ssl": true
            }
        ]
    },
    "default": {
        "pydantic": {
            "hashes": [
                "sha256:0b7aadfa1de28057656064e04d9f018d1b186fe2a8e953a2fb41545873b7cf95",
                "sha256:0f61e67291b99a927816558a218a4e794db72a33621c836e63d12613a2202cd4",
                "sha256:20946280c750753b3e3177c748825ef189d7ab86c514f6a0b118621110d5f0d3",
                "sha256:22139ee446992c222977ac0a9269c4da2e9ecc1834f84804ebde008a4649b929",
                "sha256:3c0f39e884d7a3572d5cc8322b0fe9bf66114283e22e05a5c4b8961c19588945",
                "sha256:446ce773a552a2cb90065d4aa645e16fa7494369b5f0d199e4d41a992a98204d",
                "sha256:475e6606873e40717cc3b0eebc7d1101cbfc774e01dadeeea24c121eb5826b86",
                "sha256:66124752662de0479a9d0c17bdebdc8a889bccad8846626fb66d8669e8eafb63",
                "sha256:896637b7d8e4cdc0bcee1704fcadacdd167c35ac29f02a4395fce7a033925f26",
                "sha256:9af44d06db33896a2176603c9cb876df3a60297a292a24d3018956a910cc1402",
                "sha256:9e46fac8a4674db0777fd0133aa56817e1481beee50971bab39dded7639f9b2b",
                "sha256:ae206e103e976c40ec294cd6c8fcbfbdaced3ab9b736bc53d03fa11b5aaa1628",
                "sha256:b11d0bd7ecf41098894e8777ee623c29554dbaa37e862c51bcc5a2b950d1bf77",
                "sha256:d73070028f7b046a5b2e611a9799c238d7bd245f8fe30f4ad7ff29ddb63aac40",
                "sha256:ddedcdf9d5c24939578449a8e099ceeec3b3d76243fc143aff63ebf6d5aade10",
                "sha256:e08e21f4d5395ac17cde19de26be63fb16fb870f0cfde1481ddc22d5e2353548",
                "sha256:e6239199b363bc53262bcb57f1441206d4b2d46b392eccba2213d8358d6e284a"
            ],
            "index": "pypi",
            "version": "==1.5"
        },
        "python-dotenv": {
            "hashes": [
                "sha256:25c0ff1a3e12f4bde8d592cc254ab075cfe734fc5dd989036716fd17ee7e5ec7",
                "sha256:3b9909bc96b0edc6b01586e1eed05e71174ef4e04c71da5786370cebea53ad74"
            ],
            "index": "pypi",
            "version": "==0.13.0"
        },
        "typing-extensions": {
            "hashes": [
                "sha256:6e95524d8a547a91e08f404ae485bbb71962de46967e1b71a0cb89af24e761c5",
                "sha256:79ee589a3caca649a9bfd2a8de4709837400dfa00b6cc81962a1e6a1815969ae",
                "sha256:f8d2bd89d25bc39dabe7d23df520442fa1d8969b82544370e03d88b5a591c392"
            ],
            "index": "pypi",
            "markers": "python_version < '3.8'",
            "version": "==3.7.4.2"
        }
    },
    "develop": {
        "aws-lambda-context": {
            "hashes": [
                "sha256:b6a6d3360671b25bb171335c7e6510b22e60c6fd5db99803f478c986d3230220",
                "sha256:d03b16aaf8abac30b71bc5d66ed8edadd8805e0d581f73f1e9b4b171635c817d"
            ],
            "index": "pypi",
            "version": "==1.1.0"
        }
    }
}
